
Microsoft Visual Studio Solution File, Format Version 12.00
# Visual Studio Version 16
VisualStudioVersion = 16.0.29709.97
MinimumVisualStudioVersion = 10.0.40219.1
Project("{FAE04EC0-301F-11D3-BF4B-00C04F79EFBC}") = "MathOperation1", "MathOperation1\MathOperation1.csproj", "{7719397A-4C11-42C1-8723-718BDEE2B9FB}"
EndProject
Project("{FAE04EC0-301F-11D3-BF4B-00C04F79EFBC}") = "UnitTestProject1", "UnitTestProject1\UnitTestProject1.csproj", "{581964CD-289C-46E0-A848-E6E83F2B0A47}"
EndProject
Global
	GlobalSection(SolutionConfigurationPlatforms) = preSolution
		Debug|Any CPU = Debug|Any CPU
		Release|Any CPU = Release|Any CPU
	EndGlobalSection
	GlobalSection(ProjectConfigurationPlatforms) = postSolution
		{7719397A-4C11-42C1-8723-718BDEE2B9FB}.Debug|Any CPU.ActiveCfg = Debug|Any CPU
		{7719397A-4C11-42C1-8723-718BDEE2B9FB}.Debug|Any CPU.Build.0 = Debug|Any CPU
		{7719397A-4C11-42C1-8723-718BDEE2B9FB}.Release|Any CPU.ActiveCfg = Release|Any CPU
		{7719397A-4C11-42C1-8723-718BDEE2B9FB}.Release|Any CPU.Build.0 = Release|Any CPU
		{581964CD-289C-46E0-A848-E6E83F2B0A47}.Debug|Any CPU.ActiveCfg = Debug|Any CPU
		{581964CD-289C-46E0-A848-E6E83F2B0A47}.Debug|Any CPU.Build.0 = Debug|Any CPU
		{581964CD-289C-46E0-A848-E6E83F2B0A47}.Release|Any CPU.ActiveCfg = Release|Any CPU
		{581964CD-289C-46E0-A848-E6E83F2B0A47}.Release|Any CPU.Build.0 = Release|Any CPU
	EndGlobalSection
	GlobalSection(SolutionProperties) = preSolution
		HideSolutionNode = FALSE
	EndGlobalSection
	GlobalSection(ExtensibilityGlobals) = postSolution
		SolutionGuid = {68912878-1D8F-4DA3-956D-4DB961217F83}
	EndGlobalSection
EndGlobal
